
Microsoft Visual Studio Solution File, Format Version 12.00
# Visual Studio Version 17
VisualStudioVersion = 17.11.35312.102
MinimumVisualStudioVersion = 10.0.40219.1
Project("{FAE04EC0-301F-11D3-BF4B-00C04F79EFBC}") = "Kripto UAS", "Kripto UAS\Kripto UAS.csproj", "{14F85B9E-5EA6-47BD-8444-6158BA5764EB}"
EndProject
Global
	GlobalSection(SolutionConfigurationPlatforms) = preSolution
		Debug|Any CPU = Debug|Any CPU
		Release|Any CPU = Release|Any CPU
	EndGlobalSection
	GlobalSection(ProjectConfigurationPlatforms) = postSolution
		{14F85B9E-5EA6-47BD-8444-6158BA5764EB}.Debug|Any CPU.ActiveCfg = Debug|Any CPU
		{14F85B9E-5EA6-47BD-8444-6158BA5764EB}.Debug|Any CPU.Build.0 = Debug|Any CPU
		{14F85B9E-5EA6-47BD-8444-6158BA5764EB}.Release|Any CPU.ActiveCfg = Release|Any CPU
		{14F85B9E-5EA6-47BD-8444-6158BA5764EB}.Release|Any CPU.Build.0 = Release|Any CPU
	EndGlobalSection
	GlobalSection(SolutionProperties) = preSolution
		HideSolutionNode = FALSE
	EndGlobalSection
	GlobalSection(ExtensibilityGlobals) = postSolution
		SolutionGuid = {F60EB06D-EB89-43D4-A8D1-30C8783380D2}
	EndGlobalSection
EndGlobal
